
Microsoft Visual Studio Solution File, Format Version 12.00
# Visual Studio Version 17
VisualStudioVersion = 17.6.33815.320
MinimumVisualStudioVersion = 10.0.40219.1
Project("{9A19103F-16F7-4668-BE54-9A1E7A4F7556}") = "Workspace", "Workspace\Workspace.csproj", "{3E4199F4-FB94-45EF-BF63-806A800AD25D}"
EndProject
Project("{FAE04EC0-301F-11D3-BF4B-00C04F79EFBC}") = "Entities", "Entities\Entities.csproj", "{F780C999-C987-4B09-AA5D-6C9E7F10877C}"
EndProject
Project("{FAE04EC0-301F-11D3-BF4B-00C04F79EFBC}") = "Business", "Business\Business.csproj", "{F12A32AD-4AE8-4CF1-8A51-4483F258A97B}"
EndProject
Global
	GlobalSection(SolutionConfigurationPlatforms) = preSolution
		Debug|Any CPU = Debug|Any CPU
		Release|Any CPU = Release|Any CPU
	EndGlobalSection
	GlobalSection(ProjectConfigurationPlatforms) = postSolution
		{3E4199F4-FB94-45EF-BF63-806A800AD25D}.Debug|Any CPU.ActiveCfg = Debug|Any CPU
		{3E4199F4-FB94-45EF-BF63-806A800AD25D}.Debug|Any CPU.Build.0 = Debug|Any CPU
		{3E4199F4-FB94-45EF-BF63-806A800AD25D}.Release|Any CPU.ActiveCfg = Release|Any CPU
		{3E4199F4-FB94-45EF-BF63-806A800AD25D}.Release|Any CPU.Build.0 = Release|Any CPU
		{F780C999-C987-4B09-AA5D-6C9E7F10877C}.Debug|Any CPU.ActiveCfg = Debug|Any CPU
		{F780C999-C987-4B09-AA5D-6C9E7F10877C}.Debug|Any CPU.Build.0 = Debug|Any CPU
		{F780C999-C987-4B09-AA5D-6C9E7F10877C}.Release|Any CPU.ActiveCfg = Release|Any CPU
		{F780C999-C987-4B09-AA5D-6C9E7F10877C}.Release|Any CPU.Build.0 = Release|Any CPU
		{F12A32AD-4AE8-4CF1-8A51-4483F258A97B}.Debug|Any CPU.ActiveCfg = Debug|Any CPU
		{F12A32AD-4AE8-4CF1-8A51-4483F258A97B}.Debug|Any CPU.Build.0 = Debug|Any CPU
		{F12A32AD-4AE8-4CF1-8A51-4483F258A97B}.Release|Any CPU.ActiveCfg = Release|Any CPU
		{F12A32AD-4AE8-4CF1-8A51-4483F258A97B}.Release|Any CPU.Build.0 = Release|Any CPU
	EndGlobalSection
	GlobalSection(SolutionProperties) = preSolution
		HideSolutionNode = FALSE
	EndGlobalSection
	GlobalSection(ExtensibilityGlobals) = postSolution
		SolutionGuid = {06D9B9F5-E6E2-4DD8-BC42-7EDB8406C548}
	EndGlobalSection
EndGlobal
